
Microsoft Visual Studio Solution File, Format Version 12.00
# Visual Studio Version 17
VisualStudioVersion = 17.1.32421.90
MinimumVisualStudioVersion = 10.0.40219.1
Project("{9A19103F-16F7-4668-BE54-9A1E7A4F7556}") = "code500", "code500.csproj", "{4895168F-0C30-4A2A-B43B-94273CE48225}"
EndProject
Global
	GlobalSection(SolutionConfigurationPlatforms) = preSolution
		Debug|Any CPU = Debug|Any CPU
		Release|Any CPU = Release|Any CPU
	EndGlobalSection
	GlobalSection(ProjectConfigurationPlatforms) = postSolution
		{4895168F-0C30-4A2A-B43B-94273CE48225}.Debug|Any CPU.ActiveCfg = Debug|Any CPU
		{4895168F-0C30-4A2A-B43B-94273CE48225}.Debug|Any CPU.Build.0 = Debug|Any CPU
		{4895168F-0C30-4A2A-B43B-94273CE48225}.Release|Any CPU.ActiveCfg = Release|Any CPU
		{4895168F-0C30-4A2A-B43B-94273CE48225}.Release|Any CPU.Build.0 = Release|Any CPU
	EndGlobalSection
	GlobalSection(SolutionProperties) = preSolution
		HideSolutionNode = FALSE
	EndGlobalSection
	GlobalSection(ExtensibilityGlobals) = postSolution
		SolutionGuid = {5F0159D2-2B22-47F0-AC07-EFAE7E229A2D}
	EndGlobalSection
EndGlobal
